{
  "name": "faux190502.licence",
  "version": "1.0.0",
  "lockfileVersion": 1,
  "requires": true,
  "dependencies": {
    "@types/debounce-promise": {
      "version": "3.1.1",
      "resolved": "https://registry.npmjs.org/@types/debounce-promise/-/debounce-promise-3.1.1.tgz",
      "integrity": "sha512-eOSiMKpPYI5Cx5tmx4xQ1e0bLz9n56NVv4ao0YQcYtIJYZjdoCDFvZwIQgXDiFHU5SFtKtN2vcqx5ZIXvj1Ccg=="
    },
    "awesome-debounce-promise": {
      "version": "2.1.0",
      "resolved": "https://registry.npmjs.org/awesome-debounce-promise/-/awesome-debounce-promise-2.1.0.tgz",
      "integrity": "sha512-0Dv4j2wKk5BrNZh4jgV2HUdznaeVgEK/WTvcHhZWUElhmQ1RR+iURRoLEwICFyR0S/5VtxfcvY6gR+qSe95jNg==",
      "requires": {
        "@types/debounce-promise": "^3.1.1",
        "awesome-imperative-promise": "^1.0.1",
        "awesome-only-resolves-last-promise": "^1.0.3",
        "debounce-promise": "^3.1.0"
      }
    },
    "awesome-imperative-promise": {
      "version": "1.0.1",
      "resolved": "https://registry.npmjs.org/awesome-imperative-promise/-/awesome-imperative-promise-1.0.1.tgz",
      "integrity": "sha512-EmPr3FqbQGqlNh+WxMNcF9pO9uDQJnOC4/3rLBQNH9m4E9qI+8lbfHCmHpVAsmGqPJPKhCjJLHUQzQW/RBHRdQ=="
    },
    "awesome-only-resolves-last-promise": {
      "version": "1.0.3",
      "resolved": "https://registry.npmjs.org/awesome-only-resolves-last-promise/-/awesome-only-resolves-last-promise-1.0.3.tgz",
      "integrity": "sha512-7q4WPsYiD8Omvi/yHL314DkvsD/lM//Z2/KcU1vWk0xJotiV0GMJTgHTpWl3n90HJqpXKg7qX+VVNs5YbQyPRQ==",
      "requires": {
        "awesome-imperative-promise": "^1.0.1"
      }
    },
    "debounce-promise": {
      "version": "3.1.0",
      "resolved": "https://registry.npmjs.org/debounce-promise/-/debounce-promise-3.1.0.tgz",
      "integrity": "sha1-JQNfS0UBe9Uae++LO9n2QB3EdCM="
    },
    "typescript": {
      "version": "3.4.5",
      "resolved": "https://registry.npmjs.org/typescript/-/typescript-3.4.5.tgz",
      "integrity": "sha512-YycBxUb49UUhdNMU5aJ7z5Ej2XGmaIBL0x34vZ82fn3hGvD+bgrMrVDpatgz2f7YxUMJxMkbWxJZeAvDxVe7Vw=="
    }
  }
}
